
Microsoft Visual Studio Solution File, Format Version 12.00
# Visual Studio Version 17
VisualStudioVersion = 17.11.35327.3
MinimumVisualStudioVersion = 10.0.40219.1
Project("{9A19103F-16F7-4668-BE54-9A1E7A4F7556}") = "Lab 5", "Lab 5\Lab 5.csproj", "{BFAC6B3F-AA77-4675-9D2F-CF9550787F1F}"
EndProject
Project("{FAE04EC0-301F-11D3-BF4B-00C04F79EFBC}") = "Lab 6", "Lab 6\Lab 6.csproj", "{6FE6A627-C16E-4BC5-B66A-945B4B852D95}"
EndProject
Global
	GlobalSection(SolutionConfigurationPlatforms) = preSolution
		Debug|Any CPU = Debug|Any CPU
		Release|Any CPU = Release|Any CPU
	EndGlobalSection
	GlobalSection(ProjectConfigurationPlatforms) = postSolution
		{BFAC6B3F-AA77-4675-9D2F-CF9550787F1F}.Debug|Any CPU.ActiveCfg = Debug|Any CPU
		{BFAC6B3F-AA77-4675-9D2F-CF9550787F1F}.Debug|Any CPU.Build.0 = Debug|Any CPU
		{BFAC6B3F-AA77-4675-9D2F-CF9550787F1F}.Release|Any CPU.ActiveCfg = Release|Any CPU
		{BFAC6B3F-AA77-4675-9D2F-CF9550787F1F}.Release|Any CPU.Build.0 = Release|Any CPU
		{6FE6A627-C16E-4BC5-B66A-945B4B852D95}.Debug|Any CPU.ActiveCfg = Debug|Any CPU
		{6FE6A627-C16E-4BC5-B66A-945B4B852D95}.Debug|Any CPU.Build.0 = Debug|Any CPU
		{6FE6A627-C16E-4BC5-B66A-945B4B852D95}.Release|Any CPU.ActiveCfg = Release|Any CPU
		{6FE6A627-C16E-4BC5-B66A-945B4B852D95}.Release|Any CPU.Build.0 = Release|Any CPU
	EndGlobalSection
	GlobalSection(SolutionProperties) = preSolution
		HideSolutionNode = FALSE
	EndGlobalSection
	GlobalSection(ExtensibilityGlobals) = postSolution
		SolutionGuid = {C0E6C8AB-90B4-4192-8D14-778EF7D559B5}
	EndGlobalSection
EndGlobal
